
Microsoft Visual Studio Solution File, Format Version 12.00
# Visual Studio Version 16
VisualStudioVersion = 16.0.31424.327
MinimumVisualStudioVersion = 10.0.40219.1
Project("{FAE04EC0-301F-11D3-BF4B-00C04F79EFBC}") = "Lab6", "Lab6\Lab6.csproj", "{3320353F-D4EA-4A13-850C-D3A4D92C1DFD}"
EndProject
Global
	GlobalSection(SolutionConfigurationPlatforms) = preSolution
		Debug|Any CPU = Debug|Any CPU
		Release|Any CPU = Release|Any CPU
	EndGlobalSection
	GlobalSection(ProjectConfigurationPlatforms) = postSolution
		{3320353F-D4EA-4A13-850C-D3A4D92C1DFD}.Debug|Any CPU.ActiveCfg = Debug|Any CPU
		{3320353F-D4EA-4A13-850C-D3A4D92C1DFD}.Debug|Any CPU.Build.0 = Debug|Any CPU
		{3320353F-D4EA-4A13-850C-D3A4D92C1DFD}.Release|Any CPU.ActiveCfg = Release|Any CPU
		{3320353F-D4EA-4A13-850C-D3A4D92C1DFD}.Release|Any CPU.Build.0 = Release|Any CPU
	EndGlobalSection
	GlobalSection(SolutionProperties) = preSolution
		HideSolutionNode = FALSE
	EndGlobalSection
	GlobalSection(ExtensibilityGlobals) = postSolution
		SolutionGuid = {10613A0A-F888-4FD4-8EC4-BE1666B64CE8}
	EndGlobalSection
EndGlobal
